
Microsoft Visual Studio Solution File, Format Version 12.00
# Visual Studio Version 17
VisualStudioVersion = 17.5.33516.290
MinimumVisualStudioVersion = 10.0.40219.1
Project("{FAE04EC0-301F-11D3-BF4B-00C04F79EFBC}") = "APIGateway", "APIGateway\APIGateway.csproj", "{B7002571-7429-405C-810A-6E603A758D7C}"
EndProject
Project("{2150E333-8FDC-42A3-9474-1A3956D46DE8}") = "Services", "Services", "{BF884549-EA93-4C4A-936A-FF57359901EA}"
EndProject
Project("{FAE04EC0-301F-11D3-BF4B-00C04F79EFBC}") = "Contact.API", "Services\ContactAPI\Contact.API\Contact.API.csproj", "{38688AAF-CA3A-4E6C-A054-86AEABE23DE6}"
EndProject
Project("{FAE04EC0-301F-11D3-BF4B-00C04F79EFBC}") = "Reservation.API", "Services\ResAPI\Reservation.API\Reservation.API.csproj", "{2414ED1C-F4D4-47EA-B2A7-C676D69D9A22}"
EndProject
Project("{2150E333-8FDC-42A3-9474-1A3956D46DE8}") = "ContactAPI", "ContactAPI", "{A395FED1-24F2-4A60-A586-00FF4330DA00}"
EndProject
Project("{2150E333-8FDC-42A3-9474-1A3956D46DE8}") = "ReservationAPI", "ReservationAPI", "{FF516642-8146-4D86-B8BE-6FE68A54779A}"
EndProject
Project("{FAE04EC0-301F-11D3-BF4B-00C04F79EFBC}") = "Contact.API.Infrastructure", "Services\ContactAPI\Contact.API.Infrastructure\Contact.API.Infrastructure.csproj", "{5050877A-9F4B-42DC-8D08-F93870B6F46D}"
EndProject
Project("{FAE04EC0-301F-11D3-BF4B-00C04F79EFBC}") = "Contact.API.Models", "Services\ContactAPI\Contact.API.Models\Contact.API.Models.csproj", "{4FA42EB4-0DAD-4272-A8BB-50555CCC2FDA}"
EndProject
Project("{FAE04EC0-301F-11D3-BF4B-00C04F79EFBC}") = "Contact.API.Services", "Services\ContactAPI\Contact.API.Services\Contact.API.Services.csproj", "{4CB0155C-7667-4840-86B4-0E4D6870CC95}"
EndProject
Project("{FAE04EC0-301F-11D3-BF4B-00C04F79EFBC}") = "Reservation.API.Infrastructure", "Services\ResAPI\Reservation.API.Infrastructure\Reservation.API.Infrastructure.csproj", "{9A0492CC-E2E3-4D81-8797-E950FF8D48B5}"
EndProject
Project("{FAE04EC0-301F-11D3-BF4B-00C04F79EFBC}") = "Reservation.API.Services", "Services\ResAPI\Reservation.API.Services\Reservation.API.Services.csproj", "{9818D3BC-AE7F-43FA-8307-63F6DB6787FF}"
EndProject
Project("{FAE04EC0-301F-11D3-BF4B-00C04F79EFBC}") = "Reservation.API.Models", "Services\ResAPI\Reservation.API.Models\Reservation.API.Models.csproj", "{A2C187AB-CAC5-4CED-9236-C9A34F0A262F}"
EndProject
Global
	GlobalSection(SolutionConfigurationPlatforms) = preSolution
		Debug|Any CPU = Debug|Any CPU
		Release|Any CPU = Release|Any CPU
	EndGlobalSection
	GlobalSection(ProjectConfigurationPlatforms) = postSolution
		{B7002571-7429-405C-810A-6E603A758D7C}.Debug|Any CPU.ActiveCfg = Debug|Any CPU
		{B7002571-7429-405C-810A-6E603A758D7C}.Debug|Any CPU.Build.0 = Debug|Any CPU
		{B7002571-7429-405C-810A-6E603A758D7C}.Release|Any CPU.ActiveCfg = Release|Any CPU
		{B7002571-7429-405C-810A-6E603A758D7C}.Release|Any CPU.Build.0 = Release|Any CPU
		{38688AAF-CA3A-4E6C-A054-86AEABE23DE6}.Debug|Any CPU.ActiveCfg = Debug|Any CPU
		{38688AAF-CA3A-4E6C-A054-86AEABE23DE6}.Debug|Any CPU.Build.0 = Debug|Any CPU
		{38688AAF-CA3A-4E6C-A054-86AEABE23DE6}.Release|Any CPU.ActiveCfg = Release|Any CPU
		{38688AAF-CA3A-4E6C-A054-86AEABE23DE6}.Release|Any CPU.Build.0 = Release|Any CPU
		{2414ED1C-F4D4-47EA-B2A7-C676D69D9A22}.Debug|Any CPU.ActiveCfg = Debug|Any CPU
		{2414ED1C-F4D4-47EA-B2A7-C676D69D9A22}.Debug|Any CPU.Build.0 = Debug|Any CPU
		{2414ED1C-F4D4-47EA-B2A7-C676D69D9A22}.Release|Any CPU.ActiveCfg = Release|Any CPU
		{2414ED1C-F4D4-47EA-B2A7-C676D69D9A22}.Release|Any CPU.Build.0 = Release|Any CPU
		{5050877A-9F4B-42DC-8D08-F93870B6F46D}.Debug|Any CPU.ActiveCfg = Debug|Any CPU
		{5050877A-9F4B-42DC-8D08-F93870B6F46D}.Debug|Any CPU.Build.0 = Debug|Any CPU
		{5050877A-9F4B-42DC-8D08-F93870B6F46D}.Release|Any CPU.ActiveCfg = Release|Any CPU
		{5050877A-9F4B-42DC-8D08-F93870B6F46D}.Release|Any CPU.Build.0 = Release|Any CPU
		{4FA42EB4-0DAD-4272-A8BB-50555CCC2FDA}.Debug|Any CPU.ActiveCfg = Debug|Any CPU
		{4FA42EB4-0DAD-4272-A8BB-50555CCC2FDA}.Debug|Any CPU.Build.0 = Debug|Any CPU
		{4FA42EB4-0DAD-4272-A8BB-50555CCC2FDA}.Release|Any CPU.ActiveCfg = Release|Any CPU
		{4FA42EB4-0DAD-4272-A8BB-50555CCC2FDA}.Release|Any CPU.Build.0 = Release|Any CPU
		{4CB0155C-7667-4840-86B4-0E4D6870CC95}.Debug|Any CPU.ActiveCfg = Debug|Any CPU
		{4CB0155C-7667-4840-86B4-0E4D6870CC95}.Debug|Any CPU.Build.0 = Debug|Any CPU
		{4CB0155C-7667-4840-86B4-0E4D6870CC95}.Release|Any CPU.ActiveCfg = Release|Any CPU
		{4CB0155C-7667-4840-86B4-0E4D6870CC95}.Release|Any CPU.Build.0 = Release|Any CPU
		{9A0492CC-E2E3-4D81-8797-E950FF8D48B5}.Debug|Any CPU.ActiveCfg = Debug|Any CPU
		{9A0492CC-E2E3-4D81-8797-E950FF8D48B5}.Debug|Any CPU.Build.0 = Debug|Any CPU
		{9A0492CC-E2E3-4D81-8797-E950FF8D48B5}.Release|Any CPU.ActiveCfg = Release|Any CPU
		{9A0492CC-E2E3-4D81-8797-E950FF8D48B5}.Release|Any CPU.Build.0 = Release|Any CPU
		{9818D3BC-AE7F-43FA-8307-63F6DB6787FF}.Debug|Any CPU.ActiveCfg = Debug|Any CPU
		{9818D3BC-AE7F-43FA-8307-63F6DB6787FF}.Debug|Any CPU.Build.0 = Debug|Any CPU
		{9818D3BC-AE7F-43FA-8307-63F6DB6787FF}.Release|Any CPU.ActiveCfg = Release|Any CPU
		{9818D3BC-AE7F-43FA-8307-63F6DB6787FF}.Release|Any CPU.Build.0 = Release|Any CPU
		{A2C187AB-CAC5-4CED-9236-C9A34F0A262F}.Debug|Any CPU.ActiveCfg = Debug|Any CPU
		{A2C187AB-CAC5-4CED-9236-C9A34F0A262F}.Debug|Any CPU.Build.0 = Debug|Any CPU
		{A2C187AB-CAC5-4CED-9236-C9A34F0A262F}.Release|Any CPU.ActiveCfg = Release|Any CPU
		{A2C187AB-CAC5-4CED-9236-C9A34F0A262F}.Release|Any CPU.Build.0 = Release|Any CPU
	EndGlobalSection
	GlobalSection(SolutionProperties) = preSolution
		HideSolutionNode = FALSE
	EndGlobalSection
	GlobalSection(NestedProjects) = preSolution
		{38688AAF-CA3A-4E6C-A054-86AEABE23DE6} = {A395FED1-24F2-4A60-A586-00FF4330DA00}
		{2414ED1C-F4D4-47EA-B2A7-C676D69D9A22} = {FF516642-8146-4D86-B8BE-6FE68A54779A}
		{A395FED1-24F2-4A60-A586-00FF4330DA00} = {BF884549-EA93-4C4A-936A-FF57359901EA}
		{FF516642-8146-4D86-B8BE-6FE68A54779A} = {BF884549-EA93-4C4A-936A-FF57359901EA}
		{5050877A-9F4B-42DC-8D08-F93870B6F46D} = {A395FED1-24F2-4A60-A586-00FF4330DA00}
		{4FA42EB4-0DAD-4272-A8BB-50555CCC2FDA} = {A395FED1-24F2-4A60-A586-00FF4330DA00}
		{4CB0155C-7667-4840-86B4-0E4D6870CC95} = {A395FED1-24F2-4A60-A586-00FF4330DA00}
		{9A0492CC-E2E3-4D81-8797-E950FF8D48B5} = {FF516642-8146-4D86-B8BE-6FE68A54779A}
		{9818D3BC-AE7F-43FA-8307-63F6DB6787FF} = {FF516642-8146-4D86-B8BE-6FE68A54779A}
		{A2C187AB-CAC5-4CED-9236-C9A34F0A262F} = {FF516642-8146-4D86-B8BE-6FE68A54779A}
	EndGlobalSection
	GlobalSection(ExtensibilityGlobals) = postSolution
		SolutionGuid = {8BD1ED15-AA62-4F59-9340-0E7C4D9401D3}
	EndGlobalSection
EndGlobal
